
Microsoft Visual Studio Solution File, Format Version 12.00
# Visual Studio 15
VisualStudioVersion = 15.0.28307.271
MinimumVisualStudioVersion = 10.0.40219.1
Project("{8BC9CEB8-8B4A-11D0-8D11-00A0C91BC942}") = "lualib", "lualib\lualib.vcxproj", "{4007191B-8B29-48D9-84F8-628825B144DF}"
EndProject
Project("{8BC9CEB8-8B4A-11D0-8D11-00A0C91BC942}") = "lua", "lua\lua.vcxproj", "{B9D3210D-C5F8-43F1-AB12-0DA493167062}"
	ProjectSection(ProjectDependencies) = postProject
		{4007191B-8B29-48D9-84F8-628825B144DF} = {4007191B-8B29-48D9-84F8-628825B144DF}
	EndProjectSection
EndProject
Project("{8BC9CEB8-8B4A-11D0-8D11-00A0C91BC942}") = "luac", "luac\luac.vcxproj", "{2F2112B8-D071-48F4-AEFC-EF5839B4381B}"
	ProjectSection(ProjectDependencies) = postProject
		{4007191B-8B29-48D9-84F8-628825B144DF} = {4007191B-8B29-48D9-84F8-628825B144DF}
	EndProjectSection
EndProject
Global
	GlobalSection(SolutionConfigurationPlatforms) = preSolution
		Debug|x64 = Debug|x64
		Debug|x86 = Debug|x86
		Release|x64 = Release|x64
		Release|x86 = Release|x86
	EndGlobalSection
	GlobalSection(ProjectConfigurationPlatforms) = postSolution
		{4007191B-8B29-48D9-84F8-628825B144DF}.Debug|x64.ActiveCfg = Debug|x64
		{4007191B-8B29-48D9-84F8-628825B144DF}.Debug|x64.Build.0 = Debug|x64
		{4007191B-8B29-48D9-84F8-628825B144DF}.Debug|x86.ActiveCfg = Debug|Win32
		{4007191B-8B29-48D9-84F8-628825B144DF}.Debug|x86.Build.0 = Debug|Win32
		{4007191B-8B29-48D9-84F8-628825B144DF}.Release|x64.ActiveCfg = Release|x64
		{4007191B-8B29-48D9-84F8-628825B144DF}.Release|x64.Build.0 = Release|x64
		{4007191B-8B29-48D9-84F8-628825B144DF}.Release|x86.ActiveCfg = Release|Win32
		{4007191B-8B29-48D9-84F8-628825B144DF}.Release|x86.Build.0 = Release|Win32
		{B9D3210D-C5F8-43F1-AB12-0DA493167062}.Debug|x64.ActiveCfg = Debug|x64
		{B9D3210D-C5F8-43F1-AB12-0DA493167062}.Debug|x64.Build.0 = Debug|x64
		{B9D3210D-C5F8-43F1-AB12-0DA493167062}.Debug|x86.ActiveCfg = Debug|Win32
		{B9D3210D-C5F8-43F1-AB12-0DA493167062}.Debug|x86.Build.0 = Debug|Win32
		{B9D3210D-C5F8-43F1-AB12-0DA493167062}.Release|x64.ActiveCfg = Release|x64
		{B9D3210D-C5F8-43F1-AB12-0DA493167062}.Release|x64.Build.0 = Release|x64
		{B9D3210D-C5F8-43F1-AB12-0DA493167062}.Release|x86.ActiveCfg = Release|Win32
		{B9D3210D-C5F8-43F1-AB12-0DA493167062}.Release|x86.Build.0 = Release|Win32
		{2F2112B8-D071-48F4-AEFC-EF5839B4381B}.Debug|x64.ActiveCfg = Debug|x64
		{2F2112B8-D071-48F4-AEFC-EF5839B4381B}.Debug|x64.Build.0 = Debug|x64
		{2F2112B8-D071-48F4-AEFC-EF5839B4381B}.Debug|x86.ActiveCfg = Debug|Win32
		{2F2112B8-D071-48F4-AEFC-EF5839B4381B}.Debug|x86.Build.0 = Debug|Win32
		{2F2112B8-D071-48F4-AEFC-EF5839B4381B}.Release|x64.ActiveCfg = Release|x64
		{2F2112B8-D071-48F4-AEFC-EF5839B4381B}.Release|x64.Build.0 = Release|x64
		{2F2112B8-D071-48F4-AEFC-EF5839B4381B}.Release|x86.ActiveCfg = Release|Win32
		{2F2112B8-D071-48F4-AEFC-EF5839B4381B}.Release|x86.Build.0 = Release|Win32
	EndGlobalSection
	GlobalSection(SolutionProperties) = preSolution
		HideSolutionNode = FALSE
	EndGlobalSection
	GlobalSection(ExtensibilityGlobals) = postSolution
		SolutionGuid = {3B95075E-F372-4752-A13C-7EFC733AD47B}
	EndGlobalSection
EndGlobal
